
Microsoft Visual Studio Solution File, Format Version 12.00
Project("{FAE04EC0-301F-11D3-BF4B-00C04F79EFBC}") = "TOGGatlingCrossbow", "TOGGatlingCrossbow\TOGGatlingCrossbow.csproj", "{9B47F7C5-F7F3-4F52-AE27-DF1E5AF4FCC8}"
EndProject
Global
	GlobalSection(SolutionConfigurationPlatforms) = preSolution
		Debug|Any CPU = Debug|Any CPU
		Release|Any CPU = Release|Any CPU
	EndGlobalSection
	GlobalSection(ProjectConfigurationPlatforms) = postSolution
		{9B47F7C5-F7F3-4F52-AE27-DF1E5AF4FCC8}.Debug|Any CPU.ActiveCfg = Debug|Any CPU
		{9B47F7C5-F7F3-4F52-AE27-DF1E5AF4FCC8}.Debug|Any CPU.Build.0 = Debug|Any CPU
		{9B47F7C5-F7F3-4F52-AE27-DF1E5AF4FCC8}.Release|Any CPU.ActiveCfg = Release|Any CPU
		{9B47F7C5-F7F3-4F52-AE27-DF1E5AF4FCC8}.Release|Any CPU.Build.0 = Release|Any CPU
	EndGlobalSection
EndGlobal
